
Microsoft Visual Studio Solution File, Format Version 12.00
# Visual Studio Version 17
VisualStudioVersion = 17.4.33122.133
MinimumVisualStudioVersion = 10.0.40219.1
Project("{FAE04EC0-301F-11D3-BF4B-00C04F79EFBC}") = "HomeWorksOneself.SimpleCode.EvenAndOddNumbers", "HomeWorksOneself.SimpleCode.EvenAndOddNumbers\HomeWorksOneself.SimpleCode.EvenAndOddNumbers.csproj", "{04544B47-70F1-4EC0-B70B-C2609CB5CE73}"
EndProject
Global
	GlobalSection(SolutionConfigurationPlatforms) = preSolution
		Debug|Any CPU = Debug|Any CPU
		Release|Any CPU = Release|Any CPU
	EndGlobalSection
	GlobalSection(ProjectConfigurationPlatforms) = postSolution
		{04544B47-70F1-4EC0-B70B-C2609CB5CE73}.Debug|Any CPU.ActiveCfg = Debug|Any CPU
		{04544B47-70F1-4EC0-B70B-C2609CB5CE73}.Debug|Any CPU.Build.0 = Debug|Any CPU
		{04544B47-70F1-4EC0-B70B-C2609CB5CE73}.Release|Any CPU.ActiveCfg = Release|Any CPU
		{04544B47-70F1-4EC0-B70B-C2609CB5CE73}.Release|Any CPU.Build.0 = Release|Any CPU
	EndGlobalSection
	GlobalSection(SolutionProperties) = preSolution
		HideSolutionNode = FALSE
	EndGlobalSection
	GlobalSection(ExtensibilityGlobals) = postSolution
		SolutionGuid = {CE86D420-D49A-4E1A-B3C2-7905C16F8E89}
	EndGlobalSection
EndGlobal
