
Microsoft Visual Studio Solution File, Format Version 12.00
# Visual Studio Version 17
VisualStudioVersion = 17.4.33122.133
MinimumVisualStudioVersion = 10.0.40219.1
Project("{FAE04EC0-301F-11D3-BF4B-00C04F79EFBC}") = "HomeWorksOneself4.WorkWithFilesAndStrings", "HomeWorksOneself4.WorkWithFilesAndStrings\HomeWorksOneself4.WorkWithFilesAndStrings.csproj", "{1F1D057A-AA42-417F-B969-FB79192EF181}"
EndProject
Global
	GlobalSection(SolutionConfigurationPlatforms) = preSolution
		Debug|Any CPU = Debug|Any CPU
		Release|Any CPU = Release|Any CPU
	EndGlobalSection
	GlobalSection(ProjectConfigurationPlatforms) = postSolution
		{1F1D057A-AA42-417F-B969-FB79192EF181}.Debug|Any CPU.ActiveCfg = Debug|Any CPU
		{1F1D057A-AA42-417F-B969-FB79192EF181}.Debug|Any CPU.Build.0 = Debug|Any CPU
		{1F1D057A-AA42-417F-B969-FB79192EF181}.Release|Any CPU.ActiveCfg = Release|Any CPU
		{1F1D057A-AA42-417F-B969-FB79192EF181}.Release|Any CPU.Build.0 = Release|Any CPU
	EndGlobalSection
	GlobalSection(SolutionProperties) = preSolution
		HideSolutionNode = FALSE
	EndGlobalSection
	GlobalSection(ExtensibilityGlobals) = postSolution
		SolutionGuid = {C52DFB52-A5B9-4703-9DD8-CD538454E5AF}
	EndGlobalSection
EndGlobal
