
Microsoft Visual Studio Solution File, Format Version 12.00
# Visual Studio Version 17
VisualStudioVersion = 17.4.33122.133
MinimumVisualStudioVersion = 10.0.40219.1
Project("{FAE04EC0-301F-11D3-BF4B-00C04F79EFBC}") = "HomeWorksOneself3.PassengerTrain", "HomeWorksOneself3.PassengerTrain\HomeWorksOneself3.PassengerTrain.csproj", "{A32B0681-4C86-4ACB-812A-390940BFBB7A}"
EndProject
Global
	GlobalSection(SolutionConfigurationPlatforms) = preSolution
		Debug|Any CPU = Debug|Any CPU
		Release|Any CPU = Release|Any CPU
	EndGlobalSection
	GlobalSection(ProjectConfigurationPlatforms) = postSolution
		{A32B0681-4C86-4ACB-812A-390940BFBB7A}.Debug|Any CPU.ActiveCfg = Debug|Any CPU
		{A32B0681-4C86-4ACB-812A-390940BFBB7A}.Debug|Any CPU.Build.0 = Debug|Any CPU
		{A32B0681-4C86-4ACB-812A-390940BFBB7A}.Release|Any CPU.ActiveCfg = Release|Any CPU
		{A32B0681-4C86-4ACB-812A-390940BFBB7A}.Release|Any CPU.Build.0 = Release|Any CPU
	EndGlobalSection
	GlobalSection(SolutionProperties) = preSolution
		HideSolutionNode = FALSE
	EndGlobalSection
	GlobalSection(ExtensibilityGlobals) = postSolution
		SolutionGuid = {DF2C88FF-51EE-45EA-AC1D-3173BF14F333}
	EndGlobalSection
EndGlobal
